
Microsoft Visual Studio Solution File, Format Version 12.00
# Visual Studio Version 17
VisualStudioVersion = 17.3.32929.385
MinimumVisualStudioVersion = 10.0.40219.1
Project("{FAE04EC0-301F-11D3-BF4B-00C04F79EFBC}") = "EmailReadAtachment", "EmailReadAtachment\EmailReadAtachment.csproj", "{3C80B0BB-ABCC-4C12-BF19-0A3D41209A4C}"
EndProject
Project("{FAE04EC0-301F-11D3-BF4B-00C04F79EFBC}") = "TA03", "TA03\TA03.csproj", "{58DE0927-E153-4535-A251-4A197A543D98}"
EndProject
Project("{FAE04EC0-301F-11D3-BF4B-00C04F79EFBC}") = "TPCS_ORDER", "TPCS_ORDER\TPCS_ORDER.csproj", "{A52FCA0A-264B-4799-8B03-EDF0795FDD90}"
EndProject
Project("{FAE04EC0-301F-11D3-BF4B-00C04F79EFBC}") = "TCPP2", "TCPP2\TCPP2.csproj", "{1857A239-3DB1-4B4F-9049-0F9CDAB99F2E}"
EndProject
Project("{FAE04EC0-301F-11D3-BF4B-00C04F79EFBC}") = "ExcelReader", "ExcelReader\ExcelReader.csproj", "{E1B0A18B-70B5-44DE-B88C-F5BB00470742}"
EndProject
Project("{FAE04EC0-301F-11D3-BF4B-00C04F79EFBC}") = "UnitTestExcel", "UnitTestExcel\UnitTestExcel.csproj", "{045CF46E-632A-414C-BA51-3A4D97E97950}"
EndProject
Project("{FAE04EC0-301F-11D3-BF4B-00C04F79EFBC}") = "NotificacionEmailMessage", "NotificacionEmailMessage\NotificacionEmailMessage.csproj", "{93627E59-3DF7-4FD2-A668-E6872A783108}"
EndProject
Project("{FAE04EC0-301F-11D3-BF4B-00C04F79EFBC}") = "LogErrores", "LogErrores\LogErrores.csproj", "{055715BB-BD39-4C5D-AAE3-7528A016A054}"
EndProject
Global
	GlobalSection(SolutionConfigurationPlatforms) = preSolution
		Debug|Any CPU = Debug|Any CPU
		Release|Any CPU = Release|Any CPU
	EndGlobalSection
	GlobalSection(ProjectConfigurationPlatforms) = postSolution
		{3C80B0BB-ABCC-4C12-BF19-0A3D41209A4C}.Debug|Any CPU.ActiveCfg = Debug|Any CPU
		{3C80B0BB-ABCC-4C12-BF19-0A3D41209A4C}.Debug|Any CPU.Build.0 = Debug|Any CPU
		{3C80B0BB-ABCC-4C12-BF19-0A3D41209A4C}.Release|Any CPU.ActiveCfg = Release|Any CPU
		{3C80B0BB-ABCC-4C12-BF19-0A3D41209A4C}.Release|Any CPU.Build.0 = Release|Any CPU
		{58DE0927-E153-4535-A251-4A197A543D98}.Debug|Any CPU.ActiveCfg = Debug|Any CPU
		{58DE0927-E153-4535-A251-4A197A543D98}.Debug|Any CPU.Build.0 = Debug|Any CPU
		{58DE0927-E153-4535-A251-4A197A543D98}.Release|Any CPU.ActiveCfg = Release|Any CPU
		{58DE0927-E153-4535-A251-4A197A543D98}.Release|Any CPU.Build.0 = Release|Any CPU
		{A52FCA0A-264B-4799-8B03-EDF0795FDD90}.Debug|Any CPU.ActiveCfg = Debug|Any CPU
		{A52FCA0A-264B-4799-8B03-EDF0795FDD90}.Debug|Any CPU.Build.0 = Debug|Any CPU
		{A52FCA0A-264B-4799-8B03-EDF0795FDD90}.Release|Any CPU.ActiveCfg = Release|Any CPU
		{A52FCA0A-264B-4799-8B03-EDF0795FDD90}.Release|Any CPU.Build.0 = Release|Any CPU
		{1857A239-3DB1-4B4F-9049-0F9CDAB99F2E}.Debug|Any CPU.ActiveCfg = Debug|Any CPU
		{1857A239-3DB1-4B4F-9049-0F9CDAB99F2E}.Debug|Any CPU.Build.0 = Debug|Any CPU
		{1857A239-3DB1-4B4F-9049-0F9CDAB99F2E}.Release|Any CPU.ActiveCfg = Release|Any CPU
		{1857A239-3DB1-4B4F-9049-0F9CDAB99F2E}.Release|Any CPU.Build.0 = Release|Any CPU
		{E1B0A18B-70B5-44DE-B88C-F5BB00470742}.Debug|Any CPU.ActiveCfg = Debug|Any CPU
		{E1B0A18B-70B5-44DE-B88C-F5BB00470742}.Debug|Any CPU.Build.0 = Debug|Any CPU
		{E1B0A18B-70B5-44DE-B88C-F5BB00470742}.Release|Any CPU.ActiveCfg = Release|Any CPU
		{E1B0A18B-70B5-44DE-B88C-F5BB00470742}.Release|Any CPU.Build.0 = Release|Any CPU
		{045CF46E-632A-414C-BA51-3A4D97E97950}.Debug|Any CPU.ActiveCfg = Debug|Any CPU
		{045CF46E-632A-414C-BA51-3A4D97E97950}.Debug|Any CPU.Build.0 = Debug|Any CPU
		{045CF46E-632A-414C-BA51-3A4D97E97950}.Release|Any CPU.ActiveCfg = Release|Any CPU
		{045CF46E-632A-414C-BA51-3A4D97E97950}.Release|Any CPU.Build.0 = Release|Any CPU
		{93627E59-3DF7-4FD2-A668-E6872A783108}.Debug|Any CPU.ActiveCfg = Debug|Any CPU
		{93627E59-3DF7-4FD2-A668-E6872A783108}.Debug|Any CPU.Build.0 = Debug|Any CPU
		{93627E59-3DF7-4FD2-A668-E6872A783108}.Release|Any CPU.ActiveCfg = Release|Any CPU
		{93627E59-3DF7-4FD2-A668-E6872A783108}.Release|Any CPU.Build.0 = Release|Any CPU
		{055715BB-BD39-4C5D-AAE3-7528A016A054}.Debug|Any CPU.ActiveCfg = Debug|Any CPU
		{055715BB-BD39-4C5D-AAE3-7528A016A054}.Debug|Any CPU.Build.0 = Debug|Any CPU
		{055715BB-BD39-4C5D-AAE3-7528A016A054}.Release|Any CPU.ActiveCfg = Release|Any CPU
		{055715BB-BD39-4C5D-AAE3-7528A016A054}.Release|Any CPU.Build.0 = Release|Any CPU
	EndGlobalSection
	GlobalSection(SolutionProperties) = preSolution
		HideSolutionNode = FALSE
	EndGlobalSection
	GlobalSection(ExtensibilityGlobals) = postSolution
		SolutionGuid = {2E8DCA3E-261E-4133-B4A7-62C8E9764A47}
	EndGlobalSection
EndGlobal
